
Microsoft Visual Studio Solution File, Format Version 12.00
# Visual Studio Version 17
VisualStudioVersion = 17.10.34928.147
MinimumVisualStudioVersion = 10.0.40219.1
Project("{FAE04EC0-301F-11D3-BF4B-00C04F79EFBC}") = "AuthenticationAPI", "AuthenticationAPI\AuthenticationAPI.csproj", "{326EE5CB-AB05-42B4-89D8-3C78CE31408C}"
EndProject
Global
	GlobalSection(SolutionConfigurationPlatforms) = preSolution
		Debug|Any CPU = Debug|Any CPU
		Release|Any CPU = Release|Any CPU
	EndGlobalSection
	GlobalSection(ProjectConfigurationPlatforms) = postSolution
		{326EE5CB-AB05-42B4-89D8-3C78CE31408C}.Debug|Any CPU.ActiveCfg = Debug|Any CPU
		{326EE5CB-AB05-42B4-89D8-3C78CE31408C}.Debug|Any CPU.Build.0 = Debug|Any CPU
		{326EE5CB-AB05-42B4-89D8-3C78CE31408C}.Release|Any CPU.ActiveCfg = Release|Any CPU
		{326EE5CB-AB05-42B4-89D8-3C78CE31408C}.Release|Any CPU.Build.0 = Release|Any CPU
	EndGlobalSection
	GlobalSection(SolutionProperties) = preSolution
		HideSolutionNode = FALSE
	EndGlobalSection
	GlobalSection(ExtensibilityGlobals) = postSolution
		SolutionGuid = {EB228066-05FB-43F1-BA45-7DD51D4BCD5B}
	EndGlobalSection
EndGlobal
